
Microsoft Visual Studio Solution File, Format Version 12.00
# Visual Studio Version 16
VisualStudioVersion = 16.0.33130.400
MinimumVisualStudioVersion = 10.0.40219.1
Project("{FAE04EC0-301F-11D3-BF4B-00C04F79EFBC}") = "Pract11_3_Shengals", "Pract11_3_Shengals.csproj", "{9BCF65F0-B950-4324-A777-8D265226267A}"
EndProject
Global
	GlobalSection(SolutionConfigurationPlatforms) = preSolution
		Debug|Any CPU = Debug|Any CPU
		Release|Any CPU = Release|Any CPU
	EndGlobalSection
	GlobalSection(ProjectConfigurationPlatforms) = postSolution
		{9BCF65F0-B950-4324-A777-8D265226267A}.Debug|Any CPU.ActiveCfg = Debug|Any CPU
		{9BCF65F0-B950-4324-A777-8D265226267A}.Debug|Any CPU.Build.0 = Debug|Any CPU
		{9BCF65F0-B950-4324-A777-8D265226267A}.Release|Any CPU.ActiveCfg = Release|Any CPU
		{9BCF65F0-B950-4324-A777-8D265226267A}.Release|Any CPU.Build.0 = Release|Any CPU
	EndGlobalSection
	GlobalSection(SolutionProperties) = preSolution
		HideSolutionNode = FALSE
	EndGlobalSection
	GlobalSection(ExtensibilityGlobals) = postSolution
		SolutionGuid = {46242047-D130-4C96-8B96-3AB472F340B3}
	EndGlobalSection
EndGlobal
